<?xml version="1.0" encoding="utf-8"?>
<Project ToolsVersion="4.0" xmlns="http://schemas.microsoft.com/developer/msbuild/2003">
  <ItemGroup>
    <Filter Include="소스 파일">
      <UniqueIdentifier>{4FC737F1-C7A5-4376-A066-2A32D752A2FF}</UniqueIdentifier>
      <Extensions>cpp;c;cc;cxx;c++;cppm;ixx;def;odl;idl;hpj;bat;asm;asmx</Extensions>
    </Filter>
    <Filter Include="헤더 파일">
      <UniqueIdentifier>{93995380-89BD-4b04-88EB-625FBE52EBFB}</UniqueIdentifier>
      <Extensions>h;hh;hpp;hxx;h++;hm;inl;inc;ipp;xsd</Extensions>
    </Filter>
    <Filter Include="리소스 파일">
      <UniqueIdentifier>{67DA6AB6-F800-4c08-8B7A-83BB121AAD01}</UniqueIdentifier>
      <Extensions>rc;ico;cur;bmp;dlg;rc2;rct;bin;rgs;gif;jpg;jpeg;jpe;resx;tiff;tif;png;wav;mfcribbon-ms</Extensions>
    </Filter>
    <Filter Include="소스 파일\Collider">
      <UniqueIdentifier>{06c38226-0995-41e7-abdf-3dbabb0f1920}</UniqueIdentifier>
    </Filter>
    <Filter Include="소스 파일\Framework">
      <UniqueIdentifier>{78fad098-8acd-409e-aa38-108a473884cf}</UniqueIdentifier>
    </Filter>
    <Filter Include="소스 파일\Mesh">
      <UniqueIdentifier>{94a2c565-73cd-4db8-a748-28bd661f4d37}</UniqueIdentifier>
    </Filter>
    <Filter Include="소스 파일\Object">
      <UniqueIdentifier>{1f7a51b0-04d4-44a7-8bcc-6fb4ea9993e2}</UniqueIdentifier>
    </Filter>
    <Filter Include="소스 파일\Scene">
      <UniqueIdentifier>{3521208c-f157-4dc1-b087-c3f3ac86c916}</UniqueIdentifier>
    </Filter>
    <Filter Include="소스 파일\System">
      <UniqueIdentifier>{5b6e0f91-76d2-4c0b-bfdc-1c25149f8936}</UniqueIdentifier>
    </Filter>
    <Filter Include="헤더 파일\Scene">
      <UniqueIdentifier>{0034b90f-bd87-498b-95cb-90e315c41e19}</UniqueIdentifier>
    </Filter>
  </ItemGroup>
  <ItemGroup>
    <ClInclude Include="framework.h">
      <Filter>헤더 파일</Filter>
    </ClInclude>
    <ClInclude Include="targetver.h">
      <Filter>헤더 파일</Filter>
    </ClInclude>
    <ClInclude Include="Resource.h">
      <Filter>헤더 파일</Filter>
    </ClInclude>
    <ClInclude Include="GameJam.h">
      <Filter>헤더 파일</Filter>
    </ClInclude>
    <ClInclude Include="binaryreader.h">
      <Filter>헤더 파일</Filter>
    </ClInclude>
    <ClInclude Include="bullet.h">
      <Filter>헤더 파일</Filter>
    </ClInclude>
    <ClInclude Include="camera.h">
      <Filter>헤더 파일</Filter>
    </ClInclude>
    <ClInclude Include="collider.h">
      <Filter>헤더 파일</Filter>
    </ClInclude>
    <ClInclude Include="collisionmanager.h">
      <Filter>헤더 파일</Filter>
    </ClInclude>
    <ClInclude Include="component.h">
      <Filter>헤더 파일\System</Filter>
    </ClInclude>
    <ClInclude Include="d3dx12.h">
      <Filter>헤더 파일</Filter>
    </ClInclude>
    <ClInclude Include="light.h">
      <Filter>헤더 파일</Filter>
    </ClInclude>
    <ClInclude Include="material.h">
      <Filter>헤더 파일\System</Filter>
    </ClInclude>
    <ClInclude Include="mesh.h">
      <Filter>헤더 파일</Filter>
    </ClInclude>
    <ClInclude Include="object.h">
      <Filter>헤더 파일</Filter>
    </ClInclude>
    <ClInclude Include="physicsmanager.h">
      <Filter>헤더 파일</Filter>
    </ClInclude>
    <ClInclude Include="player.h">
      <Filter>헤더 파일</Filter>
    </ClInclude>
    <ClInclude Include="rigidbody.h">
      <Filter>헤더 파일</Filter>
    </ClInclude>
    <ClInclude Include="settings.h">
      <Filter>헤더 파일</Filter>
    </ClInclude>
    <ClInclude Include="shadow.h">
      <Filter>헤더 파일\System</Filter>
    </ClInclude>
    <ClInclude Include="shader.h">
      <Filter>헤더 파일</Filter>
    </ClInclude>
    <ClInclude Include="stdafx.h">
      <Filter>헤더 파일</Filter>
    </ClInclude>
    <ClInclude Include="terrain.h">
      <Filter>헤더 파일</Filter>
    </ClInclude>
    <ClInclude Include="sceneasset.h">
      <Filter>헤더 파일\Scene</Filter>
    </ClInclude>
    <ClInclude Include="scene.h">
      <Filter>헤더 파일\Scene</Filter>
    </ClInclude>
    <ClInclude Include="scenemanager.h">
      <Filter>헤더 파일\Scene</Filter>
    </ClInclude>
    <ClInclude Include="timer.h">
      <Filter>헤더 파일\System</Filter>
    </ClInclude>
    <ClInclude Include="towerdefensescene.h">
      <Filter>헤더 파일\Scene</Filter>
    </ClInclude>
    <ClInclude Include="towerdefenseroute.h">
      <Filter>헤더 파일\Scene</Filter>
    </ClInclude>
  </ItemGroup>
  <ItemGroup>
    <ClCompile Include="binaryreader.cpp">
      <Filter>소스 파일\System</Filter>
    </ClCompile>
    <ClCompile Include="bullet.cpp">
      <Filter>소스 파일\Object</Filter>
    </ClCompile>
    <ClCompile Include="camera.cpp">
      <Filter>소스 파일\System</Filter>
    </ClCompile>
    <ClCompile Include="collider.cpp">
      <Filter>소스 파일\Collider</Filter>
    </ClCompile>
    <ClCompile Include="collisionmanager.cpp">
      <Filter>소스 파일\Collider</Filter>
    </ClCompile>
    <ClCompile Include="framework.cpp">
      <Filter>소스 파일\Framework</Filter>
    </ClCompile>
    <ClCompile Include="GameJam.cpp">
      <Filter>소스 파일\Framework</Filter>
    </ClCompile>
    <ClCompile Include="light.cpp">
      <Filter>소스 파일\System</Filter>
    </ClCompile>
    <ClCompile Include="material.cpp">
      <Filter>소스 파일\System</Filter>
    </ClCompile>
    <ClCompile Include="mesh.cpp">
      <Filter>소스 파일\Mesh</Filter>
    </ClCompile>
    <ClCompile Include="object.cpp">
      <Filter>소스 파일\Object</Filter>
    </ClCompile>
    <ClCompile Include="physicsmanager.cpp">
      <Filter>소스 파일\Collider</Filter>
    </ClCompile>
    <ClCompile Include="player.cpp">
      <Filter>소스 파일\Object</Filter>
    </ClCompile>
    <ClCompile Include="rigidbody.cpp">
      <Filter>소스 파일\Collider</Filter>
    </ClCompile>
    <ClCompile Include="scene.cpp">
      <Filter>소스 파일\Scene</Filter>
    </ClCompile>
    <ClCompile Include="sceneasset.cpp">
      <Filter>소스 파일\Scene</Filter>
    </ClCompile>
    <ClCompile Include="scenemanager.cpp">
      <Filter>소스 파일\Scene</Filter>
    </ClCompile>
    <ClCompile Include="shadow.cpp">
      <Filter>소스 파일\System</Filter>
    </ClCompile>
    <ClCompile Include="shader.cpp">
      <Filter>소스 파일\System</Filter>
    </ClCompile>
    <ClCompile Include="stdafx.cpp">
      <Filter>소스 파일\System</Filter>
    </ClCompile>
    <ClCompile Include="terrain.cpp">
      <Filter>소스 파일\Mesh</Filter>
    </ClCompile>
    <ClCompile Include="timer.cpp">
      <Filter>소스 파일\System</Filter>
    </ClCompile>
    <ClCompile Include="towerdefensescene.cpp">
      <Filter>소스 파일\Scene</Filter>
    </ClCompile>
  </ItemGroup>
  <ItemGroup>
    <ResourceCompile Include="GameJam.rc">
      <Filter>리소스 파일</Filter>
    </ResourceCompile>
  </ItemGroup>
  <ItemGroup>
    <Image Include="small.ico">
      <Filter>리소스 파일</Filter>
    </Image>
    <Image Include="GameJam.ico">
      <Filter>리소스 파일</Filter>
    </Image>
  </ItemGroup>
  <ItemGroup>
    <None Include="light.hlsl" />
    <None Include="shader.hlsl" />
  </ItemGroup>
</Project>
